{
  "name": "anticore-contracts",
  "version": "0.0.2",
  "lockfileVersion": 1,
  "requires": true,
  "dependencies": {
    "anticore": {
      "version": "3.0.0-beta-006",
      "resolved": "https://registry.npmjs.org/anticore/-/anticore-3.0.0-beta-006.tgz",
      "integrity": "sha512-5n0H1TPR4jmod/ezTp4B2gLql1vU9lvq9OZuSK4UxRxJrUKGFzFivRhV05tyRLry33WQ8rz8lm9v1wERfW8NpA==",
      "requires": {
        "anticore-apis": "0.0.19",
        "anticore-core": "0.0.16",
        "anticore-dom": "0.0.6",
        "anticore-utils": "0.0.16"
      },
      "dependencies": {
        "anticore-core": {
          "version": "0.0.16",
          "resolved": "https://registry.npmjs.org/anticore-core/-/anticore-core-0.0.16.tgz",
          "integrity": "sha512-64xX4gpp41E/n9IH5z/dcX+cPuveb1vrB4DnEr07unU4TRQGFcCVkBd87lvJoJoe4MxSZnkZ2gbUBOZpzHVTMg=="
        }
      }
    },
    "anticore-apis": {
      "version": "0.0.19",
      "resolved": "https://registry.npmjs.org/anticore-apis/-/anticore-apis-0.0.19.tgz",
      "integrity": "sha512-OZ1AKAjNXhlkIGf2FUyB56dkxZ2e7GMUyZ7CF/T7tlVP0BtcdYdZk74CXrXev4Hi7vQaV4Sve2ST+fLd8MJbDA==",
      "requires": {
        "anticore-core": "0.0.15",
        "anticore-utils": "0.0.15"
      },
      "dependencies": {
        "anticore-utils": {
          "version": "0.0.15",
          "resolved": "https://registry.npmjs.org/anticore-utils/-/anticore-utils-0.0.15.tgz",
          "integrity": "sha512-TSNtJby5s9y7KKsy3926bowT1/TwqgNRb3/kFfUVhY6CjdrLo7wSxlxj/hAeK/0PBqSbTErUX3jpdcdqaLquaQ==",
          "requires": {
            "anticore-core": "0.0.15"
          }
        }
      }
    },
    "anticore-core": {
      "version": "0.0.15",
      "resolved": "https://registry.npmjs.org/anticore-core/-/anticore-core-0.0.15.tgz",
      "integrity": "sha512-7yJJNABSRm5Ad59e4pTpah/Hgf8liGiClRi8Ud1c2jTBYGJe/YwcxiFmnr+i5+P5XmDoUp2SV5FAJ2idksjBVg=="
    },
    "anticore-dom": {
      "version": "0.0.6",
      "resolved": "https://registry.npmjs.org/anticore-dom/-/anticore-dom-0.0.6.tgz",
      "integrity": "sha512-7J9QYFxzJyanenj081dxXw/pAPwTlME8WoIrya7+FIm7ZDj5PbfDiNTzfWUpkG/eY0naQf5Xj70I7GQwr9YXEg==",
      "requires": {
        "anticore-core": "0.0.15"
      }
    },
    "anticore-utils": {
      "version": "0.0.16",
      "resolved": "https://registry.npmjs.org/anticore-utils/-/anticore-utils-0.0.16.tgz",
      "integrity": "sha512-HqfYoCIwYsA7o1DOUtqaojdNIE/LKvAJ36d/Ktk9U7vGKm/Dq4bygDHJtd9G4voiaUV1A3KW03qcONLHLLvFGQ==",
      "requires": {
        "anticore-core": "0.0.16"
      },
      "dependencies": {
        "anticore-core": {
          "version": "0.0.16",
          "resolved": "https://registry.npmjs.org/anticore-core/-/anticore-core-0.0.16.tgz",
          "integrity": "sha512-64xX4gpp41E/n9IH5z/dcX+cPuveb1vrB4DnEr07unU4TRQGFcCVkBd87lvJoJoe4MxSZnkZ2gbUBOZpzHVTMg=="
        }
      }
    }
  }
}
