{
  "name": "anticore-contracts",
  "version": "0.0.3",
  "lockfileVersion": 1,
  "requires": true,
  "dependencies": {
    "anticore": {
      "version": "3.0.0-beta-007",
      "resolved": "https://registry.npmjs.org/anticore/-/anticore-3.0.0-beta-007.tgz",
      "integrity": "sha512-37kF7yx/5XDGkscr3sCCCZSnQr5eBmHCB+NjBDZ4Vs6Ub+ITvTmV3pN+DKH2UqBHZIQTC7+imV4z+fEnyu7a4A==",
      "requires": {
        "anticore-apis": "0.0.21",
        "anticore-core": "0.0.16",
        "anticore-dom": "0.0.8",
        "anticore-utils": "0.0.17"
      }
    },
    "anticore-apis": {
      "version": "0.0.21",
      "resolved": "https://registry.npmjs.org/anticore-apis/-/anticore-apis-0.0.21.tgz",
      "integrity": "sha512-kwV/pUbjVxwCH5XbGU/rYxqq4nZqyRh7zC1YR8gn3NKiWU948nELlTGuTXk7A7TntR+cBu7xqiblpZmMtVh3sQ==",
      "requires": {
        "anticore-core": "0.0.16",
        "anticore-utils": "0.0.17"
      }
    },
    "anticore-core": {
      "version": "0.0.16",
      "resolved": "https://registry.npmjs.org/anticore-core/-/anticore-core-0.0.16.tgz",
      "integrity": "sha512-64xX4gpp41E/n9IH5z/dcX+cPuveb1vrB4DnEr07unU4TRQGFcCVkBd87lvJoJoe4MxSZnkZ2gbUBOZpzHVTMg=="
    },
    "anticore-dom": {
      "version": "0.0.8",
      "resolved": "https://registry.npmjs.org/anticore-dom/-/anticore-dom-0.0.8.tgz",
      "integrity": "sha512-nuWeXXWIA/pKzPC/vCp8MiVnhL+c4grP6gPljHHEYJdKbRzfATHH4zQoBM+dxKQb3zQZKVDi9qU1cZj4RKHS7A==",
      "requires": {
        "anticore-core": "0.0.16"
      }
    },
    "anticore-utils": {
      "version": "0.0.17",
      "resolved": "https://registry.npmjs.org/anticore-utils/-/anticore-utils-0.0.17.tgz",
      "integrity": "sha512-YgXxAEVy8N3OAX93MIYI9zGyz0FOd5b6DRhnzHRMKjxOP9CQB5MzX4LUORK5Yu0kF/2psYI04KmtjESRYdieXQ==",
      "requires": {
        "anticore-core": "0.0.16"
      }
    }
  }
}
